
Microsoft Visual Studio Solution File, Format Version 12.00
# Visual Studio Version 17
VisualStudioVersion = 17.3.32922.545
MinimumVisualStudioVersion = 10.0.40219.1
Project("{FAE04EC0-301F-11D3-BF4B-00C04F79EFBC}") = "ForegroundServices", "ForegroundServices\ForegroundServices.csproj", "{030999FF-757E-4A28-8E14-03D7FD70A246}"
EndProject
Global
	GlobalSection(SolutionConfigurationPlatforms) = preSolution
		Debug|Any CPU = Debug|Any CPU
		Release|Any CPU = Release|Any CPU
	EndGlobalSection
	GlobalSection(ProjectConfigurationPlatforms) = postSolution
		{030999FF-757E-4A28-8E14-03D7FD70A246}.Debug|Any CPU.ActiveCfg = Debug|Any CPU
		{030999FF-757E-4A28-8E14-03D7FD70A246}.Debug|Any CPU.Build.0 = Debug|Any CPU
		{030999FF-757E-4A28-8E14-03D7FD70A246}.Debug|Any CPU.Deploy.0 = Debug|Any CPU
		{030999FF-757E-4A28-8E14-03D7FD70A246}.Release|Any CPU.ActiveCfg = Release|Any CPU
		{030999FF-757E-4A28-8E14-03D7FD70A246}.Release|Any CPU.Build.0 = Release|Any CPU
		{030999FF-757E-4A28-8E14-03D7FD70A246}.Release|Any CPU.Deploy.0 = Release|Any CPU
	EndGlobalSection
	GlobalSection(SolutionProperties) = preSolution
		HideSolutionNode = FALSE
	EndGlobalSection
	GlobalSection(ExtensibilityGlobals) = postSolution
		SolutionGuid = {AFEA7253-95ED-4A71-A539-074C86C364D3}
	EndGlobalSection
EndGlobal
